
Microsoft Visual Studio Solution File, Format Version 12.00
# Visual Studio Version 16
VisualStudioVersion = 16.0.29230.47
MinimumVisualStudioVersion = 10.0.40219.1
Project("{FAE04EC0-301F-11D3-BF4B-00C04F79EFBC}") = "PoorlyWritten3rdParty", "PoorlyWritten3rdParty\PoorlyWritten3rdParty.csproj", "{DB782A87-AF45-435B-BAE4-909E519FAEF9}"
EndProject
Global
	GlobalSection(SolutionConfigurationPlatforms) = preSolution
		Debug|Any CPU = Debug|Any CPU
		Release|Any CPU = Release|Any CPU
	EndGlobalSection
	GlobalSection(ProjectConfigurationPlatforms) = postSolution
		{DB782A87-AF45-435B-BAE4-909E519FAEF9}.Debug|Any CPU.ActiveCfg = Debug|Any CPU
		{DB782A87-AF45-435B-BAE4-909E519FAEF9}.Debug|Any CPU.Build.0 = Debug|Any CPU
		{DB782A87-AF45-435B-BAE4-909E519FAEF9}.Release|Any CPU.ActiveCfg = Release|Any CPU
		{DB782A87-AF45-435B-BAE4-909E519FAEF9}.Release|Any CPU.Build.0 = Release|Any CPU
	EndGlobalSection
	GlobalSection(SolutionProperties) = preSolution
		HideSolutionNode = FALSE
	EndGlobalSection
	GlobalSection(ExtensibilityGlobals) = postSolution
		SolutionGuid = {C430D11A-DE6A-4DD0-8150-CA4E668BFC0E}
	EndGlobalSection
EndGlobal
