
Microsoft Visual Studio Solution File, Format Version 12.00
# Visual Studio Version 16
VisualStudioVersion = 16.0.29102.190
MinimumVisualStudioVersion = 10.0.40219.1
Project("{FAE04EC0-301F-11D3-BF4B-00C04F79EFBC}") = "ObjectReference", "ObjectReference\ObjectReference.csproj", "{EFD96FED-9F24-44FD-95C0-C74F96701FFF}"
EndProject
Project("{FAE04EC0-301F-11D3-BF4B-00C04F79EFBC}") = "QuietExceptionsAndCallStack", "QuietExceptionsAndCallStack\QuietExceptionsAndCallStack.csproj", "{F15E826E-9F8F-4F24-AD14-EE1ECEB86DBB}"
EndProject
Project("{FAE04EC0-301F-11D3-BF4B-00C04F79EFBC}") = "Autos", "Autos\Autos.csproj", "{DFA06990-D4B6-410C-B0DA-9B63D652BAC1}"
EndProject
Project("{FAE04EC0-301F-11D3-BF4B-00C04F79EFBC}") = "Deadlock", "Deadlock\Deadlock.csproj", "{EAEBBA5E-22DE-42C0-85A2-C1631F71EA97}"
EndProject
Project("{FAE04EC0-301F-11D3-BF4B-00C04F79EFBC}") = "FileNotFound", "FileNotFound\FileNotFound.csproj", "{434A6F5C-0106-4E39-8CD5-81ECF23B2510}"
EndProject
Project("{2150E333-8FDC-42A3-9474-1A3956D46DE8}") = "1", "1", "{4EE2E858-C6BA-4994-811E-DF1DB7F90D1C}"
EndProject
Project("{2150E333-8FDC-42A3-9474-1A3956D46DE8}") = "2", "2", "{B8C7561A-DC71-47E8-8753-F58741B0FB9E}"
EndProject
Project("{2150E333-8FDC-42A3-9474-1A3956D46DE8}") = "3", "3", "{913C8E3D-4F50-493C-9C7D-182E4EBD79D4}"
EndProject
Project("{2150E333-8FDC-42A3-9474-1A3956D46DE8}") = "4", "4", "{BC8EF19C-F8FC-4D82-82BF-31A11AD1C3E1}"
EndProject
Project("{2150E333-8FDC-42A3-9474-1A3956D46DE8}") = "5", "5", "{78DFAF4C-6C49-4A02-86A4-1C25459656CC}"
EndProject
Global
	GlobalSection(SolutionConfigurationPlatforms) = preSolution
		Debug|Any CPU = Debug|Any CPU
		Release|Any CPU = Release|Any CPU
	EndGlobalSection
	GlobalSection(ProjectConfigurationPlatforms) = postSolution
		{EFD96FED-9F24-44FD-95C0-C74F96701FFF}.Debug|Any CPU.ActiveCfg = Debug|Any CPU
		{EFD96FED-9F24-44FD-95C0-C74F96701FFF}.Debug|Any CPU.Build.0 = Debug|Any CPU
		{EFD96FED-9F24-44FD-95C0-C74F96701FFF}.Release|Any CPU.ActiveCfg = Release|Any CPU
		{EFD96FED-9F24-44FD-95C0-C74F96701FFF}.Release|Any CPU.Build.0 = Release|Any CPU
		{F15E826E-9F8F-4F24-AD14-EE1ECEB86DBB}.Debug|Any CPU.ActiveCfg = Debug|Any CPU
		{F15E826E-9F8F-4F24-AD14-EE1ECEB86DBB}.Debug|Any CPU.Build.0 = Debug|Any CPU
		{F15E826E-9F8F-4F24-AD14-EE1ECEB86DBB}.Release|Any CPU.ActiveCfg = Release|Any CPU
		{F15E826E-9F8F-4F24-AD14-EE1ECEB86DBB}.Release|Any CPU.Build.0 = Release|Any CPU
		{DFA06990-D4B6-410C-B0DA-9B63D652BAC1}.Debug|Any CPU.ActiveCfg = Debug|Any CPU
		{DFA06990-D4B6-410C-B0DA-9B63D652BAC1}.Debug|Any CPU.Build.0 = Debug|Any CPU
		{DFA06990-D4B6-410C-B0DA-9B63D652BAC1}.Release|Any CPU.ActiveCfg = Release|Any CPU
		{DFA06990-D4B6-410C-B0DA-9B63D652BAC1}.Release|Any CPU.Build.0 = Release|Any CPU
		{EAEBBA5E-22DE-42C0-85A2-C1631F71EA97}.Debug|Any CPU.ActiveCfg = Debug|Any CPU
		{EAEBBA5E-22DE-42C0-85A2-C1631F71EA97}.Debug|Any CPU.Build.0 = Debug|Any CPU
		{EAEBBA5E-22DE-42C0-85A2-C1631F71EA97}.Release|Any CPU.ActiveCfg = Release|Any CPU
		{EAEBBA5E-22DE-42C0-85A2-C1631F71EA97}.Release|Any CPU.Build.0 = Release|Any CPU
		{434A6F5C-0106-4E39-8CD5-81ECF23B2510}.Debug|Any CPU.ActiveCfg = Debug|Any CPU
		{434A6F5C-0106-4E39-8CD5-81ECF23B2510}.Debug|Any CPU.Build.0 = Debug|Any CPU
		{434A6F5C-0106-4E39-8CD5-81ECF23B2510}.Release|Any CPU.ActiveCfg = Release|Any CPU
		{434A6F5C-0106-4E39-8CD5-81ECF23B2510}.Release|Any CPU.Build.0 = Release|Any CPU
	EndGlobalSection
	GlobalSection(SolutionProperties) = preSolution
		HideSolutionNode = FALSE
	EndGlobalSection
	GlobalSection(NestedProjects) = preSolution
		{EFD96FED-9F24-44FD-95C0-C74F96701FFF} = {4EE2E858-C6BA-4994-811E-DF1DB7F90D1C}
		{F15E826E-9F8F-4F24-AD14-EE1ECEB86DBB} = {B8C7561A-DC71-47E8-8753-F58741B0FB9E}
		{DFA06990-D4B6-410C-B0DA-9B63D652BAC1} = {913C8E3D-4F50-493C-9C7D-182E4EBD79D4}
		{EAEBBA5E-22DE-42C0-85A2-C1631F71EA97} = {BC8EF19C-F8FC-4D82-82BF-31A11AD1C3E1}
		{434A6F5C-0106-4E39-8CD5-81ECF23B2510} = {78DFAF4C-6C49-4A02-86A4-1C25459656CC}
	EndGlobalSection
	GlobalSection(ExtensibilityGlobals) = postSolution
		SolutionGuid = {D4F6D98A-45A1-4FE2-BC9C-CE49C209FE55}
	EndGlobalSection
EndGlobal
